
Microsoft Visual Studio Solution File, Format Version 12.00
# Visual Studio 14
VisualStudioVersion = 14.0.25420.1
MinimumVisualStudioVersion = 10.0.40219.1
Project("{FAE04EC0-301F-11D3-BF4B-00C04F79EFBC}") = "Teht01", "Teht01\Teht01.csproj", "{69150026-2AB2-4886-B73D-B5FA94570237}"
EndProject
Project("{FAE04EC0-301F-11D3-BF4B-00C04F79EFBC}") = "Teht01b", "Teht01b\Teht01b.csproj", "{ADC1540F-1CAB-4B23-9589-70681FCDA318}"
EndProject
Project("{FAE04EC0-301F-11D3-BF4B-00C04F79EFBC}") = "Teht02", "Teht02\Teht02.csproj", "{D06CF1FA-C3D7-4954-8349-3F723C38B93D}"
EndProject
Project("{FAE04EC0-301F-11D3-BF4B-00C04F79EFBC}") = "Teht03", "Teht03\Teht03.csproj", "{688D2E31-A765-4478-B1CF-A79EF2AC64EE}"
EndProject
Project("{FAE04EC0-301F-11D3-BF4B-00C04F79EFBC}") = "Teht04", "Teht04\Teht04.csproj", "{78A1FA99-7DBA-4683-8F4A-D20DA72C25B4}"
EndProject
Project("{FAE04EC0-301F-11D3-BF4B-00C04F79EFBC}") = "Teht05", "Teht05\Teht05.csproj", "{82B1B9A9-464A-45B1-A950-4DE98F0C32AB}"
EndProject
Project("{FAE04EC0-301F-11D3-BF4B-00C04F79EFBC}") = "Teht06", "Teht06\Teht06.csproj", "{4854CBBC-127B-4F95-A8C1-BBA2544DEB16}"
EndProject
Project("{FAE04EC0-301F-11D3-BF4B-00C04F79EFBC}") = "Teht07", "Teht07\Teht07.csproj", "{DC489B5F-5FBC-4370-9EA1-6440902B17E0}"
EndProject
Project("{FAE04EC0-301F-11D3-BF4B-00C04F79EFBC}") = "Teht08", "Teht08\Teht08.csproj", "{C3712D66-6C17-44E8-BE33-B04179729884}"
EndProject
Project("{FAE04EC0-301F-11D3-BF4B-00C04F79EFBC}") = "Teht09", "Teht09\Teht09.csproj", "{A2941BAA-E081-4656-8C88-0D6390931646}"
EndProject
Project("{FAE04EC0-301F-11D3-BF4B-00C04F79EFBC}") = "Teht10", "Teht10\Teht10.csproj", "{138A2F5F-9B52-44FC-8AD4-9C96834DF6D2}"
EndProject
Project("{FAE04EC0-301F-11D3-BF4B-00C04F79EFBC}") = "Teht11", "Teht11\Teht11.csproj", "{1853394A-8D52-4894-8299-8C0AFF7BE13B}"
EndProject
Project("{FAE04EC0-301F-11D3-BF4B-00C04F79EFBC}") = "Teht12", "Teht12\Teht12.csproj", "{9878337B-4D02-4C64-8D1D-CE48A55B1A22}"
EndProject
Project("{FAE04EC0-301F-11D3-BF4B-00C04F79EFBC}") = "Teht13", "Teht13\Teht13.csproj", "{D442B6C4-E6BE-41A8-AEF2-454151D3F58C}"
EndProject
Global
	GlobalSection(SolutionConfigurationPlatforms) = preSolution
		Debug|Any CPU = Debug|Any CPU
		Release|Any CPU = Release|Any CPU
	EndGlobalSection
	GlobalSection(ProjectConfigurationPlatforms) = postSolution
		{69150026-2AB2-4886-B73D-B5FA94570237}.Debug|Any CPU.ActiveCfg = Debug|Any CPU
		{69150026-2AB2-4886-B73D-B5FA94570237}.Debug|Any CPU.Build.0 = Debug|Any CPU
		{69150026-2AB2-4886-B73D-B5FA94570237}.Release|Any CPU.ActiveCfg = Release|Any CPU
		{69150026-2AB2-4886-B73D-B5FA94570237}.Release|Any CPU.Build.0 = Release|Any CPU
		{ADC1540F-1CAB-4B23-9589-70681FCDA318}.Debug|Any CPU.ActiveCfg = Debug|Any CPU
		{ADC1540F-1CAB-4B23-9589-70681FCDA318}.Debug|Any CPU.Build.0 = Debug|Any CPU
		{ADC1540F-1CAB-4B23-9589-70681FCDA318}.Release|Any CPU.ActiveCfg = Release|Any CPU
		{ADC1540F-1CAB-4B23-9589-70681FCDA318}.Release|Any CPU.Build.0 = Release|Any CPU
		{D06CF1FA-C3D7-4954-8349-3F723C38B93D}.Debug|Any CPU.ActiveCfg = Debug|Any CPU
		{D06CF1FA-C3D7-4954-8349-3F723C38B93D}.Debug|Any CPU.Build.0 = Debug|Any CPU
		{D06CF1FA-C3D7-4954-8349-3F723C38B93D}.Release|Any CPU.ActiveCfg = Release|Any CPU
		{D06CF1FA-C3D7-4954-8349-3F723C38B93D}.Release|Any CPU.Build.0 = Release|Any CPU
		{688D2E31-A765-4478-B1CF-A79EF2AC64EE}.Debug|Any CPU.ActiveCfg = Debug|Any CPU
		{688D2E31-A765-4478-B1CF-A79EF2AC64EE}.Debug|Any CPU.Build.0 = Debug|Any CPU
		{688D2E31-A765-4478-B1CF-A79EF2AC64EE}.Release|Any CPU.ActiveCfg = Release|Any CPU
		{688D2E31-A765-4478-B1CF-A79EF2AC64EE}.Release|Any CPU.Build.0 = Release|Any CPU
		{78A1FA99-7DBA-4683-8F4A-D20DA72C25B4}.Debug|Any CPU.ActiveCfg = Debug|Any CPU
		{78A1FA99-7DBA-4683-8F4A-D20DA72C25B4}.Debug|Any CPU.Build.0 = Debug|Any CPU
		{78A1FA99-7DBA-4683-8F4A-D20DA72C25B4}.Release|Any CPU.ActiveCfg = Release|Any CPU
		{78A1FA99-7DBA-4683-8F4A-D20DA72C25B4}.Release|Any CPU.Build.0 = Release|Any CPU
		{82B1B9A9-464A-45B1-A950-4DE98F0C32AB}.Debug|Any CPU.ActiveCfg = Debug|Any CPU
		{82B1B9A9-464A-45B1-A950-4DE98F0C32AB}.Debug|Any CPU.Build.0 = Debug|Any CPU
		{82B1B9A9-464A-45B1-A950-4DE98F0C32AB}.Release|Any CPU.ActiveCfg = Release|Any CPU
		{82B1B9A9-464A-45B1-A950-4DE98F0C32AB}.Release|Any CPU.Build.0 = Release|Any CPU
		{4854CBBC-127B-4F95-A8C1-BBA2544DEB16}.Debug|Any CPU.ActiveCfg = Debug|Any CPU
		{4854CBBC-127B-4F95-A8C1-BBA2544DEB16}.Debug|Any CPU.Build.0 = Debug|Any CPU
		{4854CBBC-127B-4F95-A8C1-BBA2544DEB16}.Release|Any CPU.ActiveCfg = Release|Any CPU
		{4854CBBC-127B-4F95-A8C1-BBA2544DEB16}.Release|Any CPU.Build.0 = Release|Any CPU
		{DC489B5F-5FBC-4370-9EA1-6440902B17E0}.Debug|Any CPU.ActiveCfg = Debug|Any CPU
		{DC489B5F-5FBC-4370-9EA1-6440902B17E0}.Debug|Any CPU.Build.0 = Debug|Any CPU
		{DC489B5F-5FBC-4370-9EA1-6440902B17E0}.Release|Any CPU.ActiveCfg = Release|Any CPU
		{DC489B5F-5FBC-4370-9EA1-6440902B17E0}.Release|Any CPU.Build.0 = Release|Any CPU
		{C3712D66-6C17-44E8-BE33-B04179729884}.Debug|Any CPU.ActiveCfg = Debug|Any CPU
		{C3712D66-6C17-44E8-BE33-B04179729884}.Debug|Any CPU.Build.0 = Debug|Any CPU
		{C3712D66-6C17-44E8-BE33-B04179729884}.Release|Any CPU.ActiveCfg = Release|Any CPU
		{C3712D66-6C17-44E8-BE33-B04179729884}.Release|Any CPU.Build.0 = Release|Any CPU
		{A2941BAA-E081-4656-8C88-0D6390931646}.Debug|Any CPU.ActiveCfg = Debug|Any CPU
		{A2941BAA-E081-4656-8C88-0D6390931646}.Debug|Any CPU.Build.0 = Debug|Any CPU
		{A2941BAA-E081-4656-8C88-0D6390931646}.Release|Any CPU.ActiveCfg = Release|Any CPU
		{A2941BAA-E081-4656-8C88-0D6390931646}.Release|Any CPU.Build.0 = Release|Any CPU
		{138A2F5F-9B52-44FC-8AD4-9C96834DF6D2}.Debug|Any CPU.ActiveCfg = Debug|Any CPU
		{138A2F5F-9B52-44FC-8AD4-9C96834DF6D2}.Debug|Any CPU.Build.0 = Debug|Any CPU
		{138A2F5F-9B52-44FC-8AD4-9C96834DF6D2}.Release|Any CPU.ActiveCfg = Release|Any CPU
		{138A2F5F-9B52-44FC-8AD4-9C96834DF6D2}.Release|Any CPU.Build.0 = Release|Any CPU
		{1853394A-8D52-4894-8299-8C0AFF7BE13B}.Debug|Any CPU.ActiveCfg = Debug|Any CPU
		{1853394A-8D52-4894-8299-8C0AFF7BE13B}.Debug|Any CPU.Build.0 = Debug|Any CPU
		{1853394A-8D52-4894-8299-8C0AFF7BE13B}.Release|Any CPU.ActiveCfg = Release|Any CPU
		{1853394A-8D52-4894-8299-8C0AFF7BE13B}.Release|Any CPU.Build.0 = Release|Any CPU
		{9878337B-4D02-4C64-8D1D-CE48A55B1A22}.Debug|Any CPU.ActiveCfg = Debug|Any CPU
		{9878337B-4D02-4C64-8D1D-CE48A55B1A22}.Debug|Any CPU.Build.0 = Debug|Any CPU
		{9878337B-4D02-4C64-8D1D-CE48A55B1A22}.Release|Any CPU.ActiveCfg = Release|Any CPU
		{9878337B-4D02-4C64-8D1D-CE48A55B1A22}.Release|Any CPU.Build.0 = Release|Any CPU
		{D442B6C4-E6BE-41A8-AEF2-454151D3F58C}.Debug|Any CPU.ActiveCfg = Debug|Any CPU
		{D442B6C4-E6BE-41A8-AEF2-454151D3F58C}.Debug|Any CPU.Build.0 = Debug|Any CPU
		{D442B6C4-E6BE-41A8-AEF2-454151D3F58C}.Release|Any CPU.ActiveCfg = Release|Any CPU
		{D442B6C4-E6BE-41A8-AEF2-454151D3F58C}.Release|Any CPU.Build.0 = Release|Any CPU
	EndGlobalSection
	GlobalSection(SolutionProperties) = preSolution
		HideSolutionNode = FALSE
	EndGlobalSection
EndGlobal
